
Microsoft Visual Studio Solution File, Format Version 12.00
# Visual Studio Version 17
VisualStudioVersion = 17.11.35303.130
MinimumVisualStudioVersion = 10.0.40219.1
Project("{9A19103F-16F7-4668-BE54-9A1E7A4F7556}") = "E-Commerce", "E-Commerce\E-Commerce.csproj", "{6A885D2A-BA26-4578-8665-9682B571F206}"
EndProject
Project("{9A19103F-16F7-4668-BE54-9A1E7A4F7556}") = "E-Commerce.EntityLayer", "E-Commerce.EntityLayer\E-Commerce.EntityLayer.csproj", "{F827F96A-70AD-41A8-BBCA-2AA4CCC34F85}"
EndProject
Project("{9A19103F-16F7-4668-BE54-9A1E7A4F7556}") = "E-Commerce.DtoLayer", "E-Commerce.DtoLayer\E-Commerce.DtoLayer.csproj", "{A7A60F27-2FC4-4FEF-A7C5-D523553DC3DB}"
EndProject
Project("{9A19103F-16F7-4668-BE54-9A1E7A4F7556}") = "E-Commerce.DataAccessLayer", "E-Commerce.DataAccessLayer\E-Commerce.DataAccessLayer.csproj", "{5E022465-E1C1-457D-B6AA-14A55233EE21}"
EndProject
Project("{9A19103F-16F7-4668-BE54-9A1E7A4F7556}") = "E-Commerce.BusinessLayer", "E-Commerce.BusinessLayer\E-Commerce.BusinessLayer.csproj", "{5B952526-4126-4E7F-8361-43D0452ACF97}"
EndProject
Project("{FAE04EC0-301F-11D3-BF4B-00C04F79EFBC}") = "E-CommerceUI", "E-CommerceUI\E-CommerceUI.csproj", "{1C8CE983-DA82-4322-9F28-D194FC7D5F6F}"
EndProject
Global
	GlobalSection(SolutionConfigurationPlatforms) = preSolution
		Debug|Any CPU = Debug|Any CPU
		Release|Any CPU = Release|Any CPU
	EndGlobalSection
	GlobalSection(ProjectConfigurationPlatforms) = postSolution
		{6A885D2A-BA26-4578-8665-9682B571F206}.Debug|Any CPU.ActiveCfg = Debug|Any CPU
		{6A885D2A-BA26-4578-8665-9682B571F206}.Debug|Any CPU.Build.0 = Debug|Any CPU
		{6A885D2A-BA26-4578-8665-9682B571F206}.Release|Any CPU.ActiveCfg = Release|Any CPU
		{6A885D2A-BA26-4578-8665-9682B571F206}.Release|Any CPU.Build.0 = Release|Any CPU
		{F827F96A-70AD-41A8-BBCA-2AA4CCC34F85}.Debug|Any CPU.ActiveCfg = Debug|Any CPU
		{F827F96A-70AD-41A8-BBCA-2AA4CCC34F85}.Debug|Any CPU.Build.0 = Debug|Any CPU
		{F827F96A-70AD-41A8-BBCA-2AA4CCC34F85}.Release|Any CPU.ActiveCfg = Release|Any CPU
		{F827F96A-70AD-41A8-BBCA-2AA4CCC34F85}.Release|Any CPU.Build.0 = Release|Any CPU
		{A7A60F27-2FC4-4FEF-A7C5-D523553DC3DB}.Debug|Any CPU.ActiveCfg = Debug|Any CPU
		{A7A60F27-2FC4-4FEF-A7C5-D523553DC3DB}.Debug|Any CPU.Build.0 = Debug|Any CPU
		{A7A60F27-2FC4-4FEF-A7C5-D523553DC3DB}.Release|Any CPU.ActiveCfg = Release|Any CPU
		{A7A60F27-2FC4-4FEF-A7C5-D523553DC3DB}.Release|Any CPU.Build.0 = Release|Any CPU
		{5E022465-E1C1-457D-B6AA-14A55233EE21}.Debug|Any CPU.ActiveCfg = Debug|Any CPU
		{5E022465-E1C1-457D-B6AA-14A55233EE21}.Debug|Any CPU.Build.0 = Debug|Any CPU
		{5E022465-E1C1-457D-B6AA-14A55233EE21}.Release|Any CPU.ActiveCfg = Release|Any CPU
		{5E022465-E1C1-457D-B6AA-14A55233EE21}.Release|Any CPU.Build.0 = Release|Any CPU
		{5B952526-4126-4E7F-8361-43D0452ACF97}.Debug|Any CPU.ActiveCfg = Debug|Any CPU
		{5B952526-4126-4E7F-8361-43D0452ACF97}.Debug|Any CPU.Build.0 = Debug|Any CPU
		{5B952526-4126-4E7F-8361-43D0452ACF97}.Release|Any CPU.ActiveCfg = Release|Any CPU
		{5B952526-4126-4E7F-8361-43D0452ACF97}.Release|Any CPU.Build.0 = Release|Any CPU
		{1C8CE983-DA82-4322-9F28-D194FC7D5F6F}.Debug|Any CPU.ActiveCfg = Debug|Any CPU
		{1C8CE983-DA82-4322-9F28-D194FC7D5F6F}.Debug|Any CPU.Build.0 = Debug|Any CPU
		{1C8CE983-DA82-4322-9F28-D194FC7D5F6F}.Release|Any CPU.ActiveCfg = Release|Any CPU
		{1C8CE983-DA82-4322-9F28-D194FC7D5F6F}.Release|Any CPU.Build.0 = Release|Any CPU
	EndGlobalSection
	GlobalSection(SolutionProperties) = preSolution
		HideSolutionNode = FALSE
	EndGlobalSection
	GlobalSection(ExtensibilityGlobals) = postSolution
		SolutionGuid = {8B849FE0-A818-42EF-8BC0-DC9AB3BFFB09}
	EndGlobalSection
EndGlobal
